
Microsoft Visual Studio Solution File, Format Version 12.00
# Visual Studio Version 17
VisualStudioVersion = 17.4.33205.214
MinimumVisualStudioVersion = 10.0.40219.1
Project("{FAE04EC0-301F-11D3-BF4B-00C04F79EFBC}") = "Warriors", "Warriors.csproj", "{8AA44B6A-A0B0-4289-9D4D-ABD175A539D5}"
EndProject
Global
	GlobalSection(SolutionConfigurationPlatforms) = preSolution
		Debug|Any CPU = Debug|Any CPU
		Release|Any CPU = Release|Any CPU
	EndGlobalSection
	GlobalSection(ProjectConfigurationPlatforms) = postSolution
		{8AA44B6A-A0B0-4289-9D4D-ABD175A539D5}.Debug|Any CPU.ActiveCfg = Debug|Any CPU
		{8AA44B6A-A0B0-4289-9D4D-ABD175A539D5}.Debug|Any CPU.Build.0 = Debug|Any CPU
		{8AA44B6A-A0B0-4289-9D4D-ABD175A539D5}.Release|Any CPU.ActiveCfg = Release|Any CPU
		{8AA44B6A-A0B0-4289-9D4D-ABD175A539D5}.Release|Any CPU.Build.0 = Release|Any CPU
	EndGlobalSection
	GlobalSection(SolutionProperties) = preSolution
		HideSolutionNode = FALSE
	EndGlobalSection
	GlobalSection(ExtensibilityGlobals) = postSolution
		SolutionGuid = {EA1EC28B-6262-4971-8BFB-5D073CC91209}
	EndGlobalSection
EndGlobal
